// !$*UTF8*$!
{
	archiveVersion = 1;
	classes = {
	};
	objectVersion = 46;
	objects = {

/* Begin PBXBuildFile section */
		8C4795A713D284AB00E72C6B /* UIKit.framework in Frameworks */ = {isa = PBXBuildFile; fileRef = 8C4795A613D284AB00E72C6B /* UIKit.framework */; };
		8C4795A913D284AB00E72C6B /* Foundation.framework in Frameworks */ = {isa = PBXBuildFile; fileRef = 8C4795A813D284AB00E72C6B /* Foundation.framework */; };
		8C4795AB13D284AB00E72C6B /* CoreGraphics.framework in Frameworks */ = {isa = PBXBuildFile; fileRef = 8C4795AA13D284AB00E72C6B /* CoreGraphics.framework */; };
		8C4795B113D284AB00E72C6B /* InfoPlist.strings in Resources */ = {isa = PBXBuildFile; fileRef = 8C4795AF13D284AB00E72C6B /* InfoPlist.strings */; };
		8C4795B413D284AB00E72C6B /* main.m in Sources */ = {isa = PBXBuildFile; fileRef = 8C4795B313D284AB00E72C6B /* main.m */; };
		8C4795B713D284AB00E72C6B /* storiedAppDelegate.m in Sources */ = {isa = PBXBuildFile; fileRef = 8C4795B613D284AB00E72C6B /* storiedAppDelegate.m */; };
		8C4795BA13D284AB00E72C6B /* MainWindow.xib in Resources */ = {isa = PBXBuildFile; fileRef = 8C4795B813D284AB00E72C6B /* MainWindow.xib */; };
		8C4795CA13D284AB00E72C6B /* UIKit.framework in Frameworks */ = {isa = PBXBuildFile; fileRef = 8C4795A613D284AB00E72C6B /* UIKit.framework */; };
		8C4795CB13D284AB00E72C6B /* Foundation.framework in Frameworks */ = {isa = PBXBuildFile; fileRef = 8C4795A813D284AB00E72C6B /* Foundation.framework */; };
		8C4795CC13D284AB00E72C6B /* CoreGraphics.framework in Frameworks */ = {isa = PBXBuildFile; fileRef = 8C4795AA13D284AB00E72C6B /* CoreGraphics.framework */; };
		8C4795D413D284AB00E72C6B /* InfoPlist.strings in Resources */ = {isa = PBXBuildFile; fileRef = 8C4795D213D284AB00E72C6B /* InfoPlist.strings */; };
		8C4795D713D284AB00E72C6B /* storiedTests.h in Resources */ = {isa = PBXBuildFile; fileRef = 8C4795D613D284AB00E72C6B /* storiedTests.h */; };
		8C4795D913D284AB00E72C6B /* storiedTests.m in Sources */ = {isa = PBXBuildFile; fileRef = 8C4795D813D284AB00E72C6B /* storiedTests.m */; };
		8C4795EA13D2857600E72C6B /* StorifyUser.m in Sources */ = {isa = PBXBuildFile; fileRef = 8C4795E913D2857600E72C6B /* StorifyUser.m */; };
		8C4795ED13D2858400E72C6B /* StorifyStory.m in Sources */ = {isa = PBXBuildFile; fileRef = 8C4795EC13D2858400E72C6B /* StorifyStory.m */; };
		8C4795F013D2859900E72C6B /* StorifyElement.m in Sources */ = {isa = PBXBuildFile; fileRef = 8C4795EF13D2859900E72C6B /* StorifyElement.m */; };
		8C4795F313D28C3000E72C6B /* StorifyService.m in Sources */ = {isa = PBXBuildFile; fileRef = 8C4795F213D28C3000E72C6B /* StorifyService.m */; };
		8C47960A13D28E8000E72C6B /* ASIAuthenticationDialog.m in Sources */ = {isa = PBXBuildFile; fileRef = 8C4795F713D28E7F00E72C6B /* ASIAuthenticationDialog.m */; };
		8C47960B13D28E8000E72C6B /* ASIDataCompressor.m in Sources */ = {isa = PBXBuildFile; fileRef = 8C4795FA13D28E8000E72C6B /* ASIDataCompressor.m */; };
		8C47960C13D28E8000E72C6B /* ASIDataDecompressor.m in Sources */ = {isa = PBXBuildFile; fileRef = 8C4795FC13D28E8000E72C6B /* ASIDataDecompressor.m */; };
		8C47960D13D28E8000E72C6B /* ASIDownloadCache.m in Sources */ = {isa = PBXBuildFile; fileRef = 8C4795FE13D28E8000E72C6B /* ASIDownloadCache.m */; };
		8C47960E13D28E8000E72C6B /* ASIFormDataRequest.m in Sources */ = {isa = PBXBuildFile; fileRef = 8C47960013D28E8000E72C6B /* ASIFormDataRequest.m */; };
		8C47960F13D28E8000E72C6B /* ASIHTTPRequest.m in Sources */ = {isa = PBXBuildFile; fileRef = 8C47960213D28E8000E72C6B /* ASIHTTPRequest.m */; };
		8C47961013D28E8000E72C6B /* ASIInputStream.m in Sources */ = {isa = PBXBuildFile; fileRef = 8C47960613D28E8000E72C6B /* ASIInputStream.m */; };
		8C47961113D28E8000E72C6B /* ASINetworkQueue.m in Sources */ = {isa = PBXBuildFile; fileRef = 8C47960813D28E8000E72C6B /* ASINetworkQueue.m */; };
		8C47961513D28EA300E72C6B /* Reachability.m in Sources */ = {isa = PBXBuildFile; fileRef = 8C47961413D28EA300E72C6B /* Reachability.m */; };
		8C47961C13D28EEC00E72C6B /* CFNetwork.framework in Frameworks */ = {isa = PBXBuildFile; fileRef = 8C47961713D28EEC00E72C6B /* CFNetwork.framework */; };
		8C47961D13D28EEC00E72C6B /* libz.1.2.3.dylib in Frameworks */ = {isa = PBXBuildFile; fileRef = 8C47961913D28EEC00E72C6B /* libz.1.2.3.dylib */; };
		8C47961E13D28EEC00E72C6B /* MobileCoreServices.framework in Frameworks */ = {isa = PBXBuildFile; fileRef = 8C47961A13D28EEC00E72C6B /* MobileCoreServices.framework */; };
		8C47961F13D28EEC00E72C6B /* SystemConfiguration.framework in Frameworks */ = {isa = PBXBuildFile; fileRef = 8C47961B13D28EEC00E72C6B /* SystemConfiguration.framework */; };
		8C47962213D28F3700E72C6B /* JSONKit.m in Sources */ = {isa = PBXBuildFile; fileRef = 8C47962113D28F3700E72C6B /* JSONKit.m */; };
		8C47962913D2901000E72C6B /* StorifyServiceTest.m in Sources */ = {isa = PBXBuildFile; fileRef = 8C47962813D2901000E72C6B /* StorifyServiceTest.m */; };
		8C47965913D29B0800E72C6B /* libBlocksKit.a in Frameworks */ = {isa = PBXBuildFile; fileRef = 8C47965813D29B0800E72C6B /* libBlocksKit.a */; };
		8C47965B13D29DE400E72C6B /* StorifyStoryTest.m in Sources */ = {isa = PBXBuildFile; fileRef = 8C47965A13D29DE400E72C6B /* StorifyStoryTest.m */; };
		8C47965D13D2A95800E72C6B /* StorifyUserTest.m in Sources */ = {isa = PBXBuildFile; fileRef = 8C47965C13D2A95800E72C6B /* StorifyUserTest.m */; };
		8C47966113D2AD7400E72C6B /* StoriesListViewController.m in Sources */ = {isa = PBXBuildFile; fileRef = 8C47965F13D2AD7400E72C6B /* StoriesListViewController.m */; };
		8C47966213D2AD7400E72C6B /* StoriesListViewController.xib in Resources */ = {isa = PBXBuildFile; fileRef = 8C47966013D2AD7400E72C6B /* StoriesListViewController.xib */; };
		8C47966613D2AD9D00E72C6B /* StoryViewController.m in Sources */ = {isa = PBXBuildFile; fileRef = 8C47966413D2AD9D00E72C6B /* StoryViewController.m */; };
		8C47966713D2AD9D00E72C6B /* StoryViewController.xib in Resources */ = {isa = PBXBuildFile; fileRef = 8C47966513D2AD9D00E72C6B /* StoryViewController.xib */; };
		8C47966A13D2BECB00E72C6B /* StoryElementTableCell.m in Sources */ = {isa = PBXBuildFile; fileRef = 8C47966913D2BECB00E72C6B /* StoryElementTableCell.m */; };
		8C47966D13D2BEDC00E72C6B /* StoryHeaderView.m in Sources */ = {isa = PBXBuildFile; fileRef = 8C47966C13D2BEDC00E72C6B /* StoryHeaderView.m */; };
		8C47966F13D2C62700E72C6B /* StorifyElementTest.m in Sources */ = {isa = PBXBuildFile; fileRef = 8C47966E13D2C62700E72C6B /* StorifyElementTest.m */; };
		8C47967113D2CB6A00E72C6B /* StoryElementCell.xib in Resources */ = {isa = PBXBuildFile; fileRef = 8C47967013D2CB6A00E72C6B /* StoryElementCell.xib */; };
/* End PBXBuildFile section */

/* Begin PBXContainerItemProxy section */
		8C4795CD13D284AB00E72C6B /* PBXContainerItemProxy */ = {
			isa = PBXContainerItemProxy;
			containerPortal = 8C47959913D284AB00E72C6B /* Project object */;
			proxyType = 1;
			remoteGlobalIDString = 8C4795A113D284AB00E72C6B;
			remoteInfo = storied;
		};
		8C47964E13D29AC900E72C6B /* PBXContainerItemProxy */ = {
			isa = PBXContainerItemProxy;
			containerPortal = 8C47964313D29AC800E72C6B /* BlocksKit.xcodeproj */;
			proxyType = 2;
			remoteGlobalIDString = 6C3DBF8D1382F1BA00E6C9AA;
			remoteInfo = BlocksKit;
		};
		8C47965013D29AC900E72C6B /* PBXContainerItemProxy */ = {
			isa = PBXContainerItemProxy;
			containerPortal = 8C47964313D29AC800E72C6B /* BlocksKit.xcodeproj */;
			proxyType = 2;
			remoteGlobalIDString = 6CC08FCE1385555D00DDEABB;
			remoteInfo = "BlocksKit Mac";
		};
		8C47965213D29AC900E72C6B /* PBXContainerItemProxy */ = {
			isa = PBXContainerItemProxy;
			containerPortal = 8C47964313D29AC800E72C6B /* BlocksKit.xcodeproj */;
			proxyType = 2;
			remoteGlobalIDString = 6CC0900913855CAE00DDEABB;
			remoteInfo = "BlocksKit Chameleon";
		};
		8C47965413D29AC900E72C6B /* PBXContainerItemProxy */ = {
			isa = PBXContainerItemProxy;
			containerPortal = 8C47964313D29AC800E72C6B /* BlocksKit.xcodeproj */;
			proxyType = 2;
			remoteGlobalIDString = 60FF000713C023CB004A1394;
			remoteInfo = Tests;
		};
		8C47965613D29B0100E72C6B /* PBXContainerItemProxy */ = {
			isa = PBXContainerItemProxy;
			containerPortal = 8C47964313D29AC800E72C6B /* BlocksKit.xcodeproj */;
			proxyType = 1;
			remoteGlobalIDString = 6C3DBF8C1382F1BA00E6C9AA;
			remoteInfo = BlocksKit;
		};
/* End PBXContainerItemProxy section */

/* Begin PBXFileReference section */
		8C4795A213D284AB00E72C6B /* storied.app */ = {isa = PBXFileReference; explicitFileType = wrapper.application; includeInIndex = 0; path = storied.app; sourceTree = BUILT_PRODUCTS_DIR; };
		8C4795A613D284AB00E72C6B /* UIKit.framework */ = {isa = PBXFileReference; lastKnownFileType = wrapper.framework; name = UIKit.framework; path = System/Library/Frameworks/UIKit.framework; sourceTree = SDKROOT; };
		8C4795A813D284AB00E72C6B /* Foundation.framework */ = {isa = PBXFileReference; lastKnownFileType = wrapper.framework; name = Foundation.framework; path = System/Library/Frameworks/Foundation.framework; sourceTree = SDKROOT; };
		8C4795AA13D284AB00E72C6B /* CoreGraphics.framework */ = {isa = PBXFileReference; lastKnownFileType = wrapper.framework; name = CoreGraphics.framework; path = System/Library/Frameworks/CoreGraphics.framework; sourceTree = SDKROOT; };
		8C4795AE13D284AB00E72C6B /* storied-Info.plist */ = {isa = PBXFileReference; lastKnownFileType = text.plist.xml; path = "storied-Info.plist"; sourceTree = "<group>"; };
		8C4795B013D284AB00E72C6B /* en */ = {isa = PBXFileReference; lastKnownFileType = text.plist.strings; name = en; path = en.lproj/InfoPlist.strings; sourceTree = "<group>"; };
		8C4795B213D284AB00E72C6B /* storied-Prefix.pch */ = {isa = PBXFileReference; lastKnownFileType = sourcecode.c.h; path = "storied-Prefix.pch"; sourceTree = "<group>"; };
		8C4795B313D284AB00E72C6B /* main.m */ = {isa = PBXFileReference; lastKnownFileType = sourcecode.c.objc; path = main.m; sourceTree = "<group>"; };
		8C4795B513D284AB00E72C6B /* storiedAppDelegate.h */ = {isa = PBXFileReference; lastKnownFileType = sourcecode.c.h; path = storiedAppDelegate.h; sourceTree = "<group>"; };
		8C4795B613D284AB00E72C6B /* storiedAppDelegate.m */ = {isa = PBXFileReference; lastKnownFileType = sourcecode.c.objc; path = storiedAppDelegate.m; sourceTree = "<group>"; };
		8C4795B913D284AB00E72C6B /* en */ = {isa = PBXFileReference; lastKnownFileType = file.xib; name = en; path = en.lproj/MainWindow.xib; sourceTree = "<group>"; };
		8C4795C913D284AB00E72C6B /* storiedTests.octest */ = {isa = PBXFileReference; explicitFileType = wrapper.cfbundle; includeInIndex = 0; path = storiedTests.octest; sourceTree = BUILT_PRODUCTS_DIR; };
		8C4795D113D284AB00E72C6B /* storiedTests-Info.plist */ = {isa = PBXFileReference; lastKnownFileType = text.plist.xml; path = "storiedTests-Info.plist"; sourceTree = "<group>"; };
		8C4795D313D284AB00E72C6B /* en */ = {isa = PBXFileReference; lastKnownFileType = text.plist.strings; name = en; path = en.lproj/InfoPlist.strings; sourceTree = "<group>"; };
		8C4795D513D284AB00E72C6B /* storiedTests-Prefix.pch */ = {isa = PBXFileReference; lastKnownFileType = sourcecode.c.h; path = "storiedTests-Prefix.pch"; sourceTree = "<group>"; };
		8C4795D613D284AB00E72C6B /* storiedTests.h */ = {isa = PBXFileReference; lastKnownFileType = sourcecode.c.h; path = storiedTests.h; sourceTree = "<group>"; };
		8C4795D813D284AB00E72C6B /* storiedTests.m */ = {isa = PBXFileReference; lastKnownFileType = sourcecode.c.objc; path = storiedTests.m; sourceTree = "<group>"; };
		8C4795E813D2857600E72C6B /* StorifyUser.h */ = {isa = PBXFileReference; fileEncoding = 4; lastKnownFileType = sourcecode.c.h; path = StorifyUser.h; sourceTree = "<group>"; };
		8C4795E913D2857600E72C6B /* StorifyUser.m */ = {isa = PBXFileReference; fileEncoding = 4; lastKnownFileType = sourcecode.c.objc; path = StorifyUser.m; sourceTree = "<group>"; };
		8C4795EB13D2858400E72C6B /* StorifyStory.h */ = {isa = PBXFileReference; fileEncoding = 4; lastKnownFileType = sourcecode.c.h; path = StorifyStory.h; sourceTree = "<group>"; };
		8C4795EC13D2858400E72C6B /* StorifyStory.m */ = {isa = PBXFileReference; fileEncoding = 4; lastKnownFileType = sourcecode.c.objc; path = StorifyStory.m; sourceTree = "<group>"; };
		8C4795EE13D2859900E72C6B /* StorifyElement.h */ = {isa = PBXFileReference; fileEncoding = 4; lastKnownFileType = sourcecode.c.h; path = StorifyElement.h; sourceTree = "<group>"; };
		8C4795EF13D2859900E72C6B /* StorifyElement.m */ = {isa = PBXFileReference; fileEncoding = 4; lastKnownFileType = sourcecode.c.objc; path = StorifyElement.m; sourceTree = "<group>"; };
		8C4795F113D28C3000E72C6B /* StorifyService.h */ = {isa = PBXFileReference; fileEncoding = 4; lastKnownFileType = sourcecode.c.h; path = StorifyService.h; sourceTree = "<group>"; };
		8C4795F213D28C3000E72C6B /* StorifyService.m */ = {isa = PBXFileReference; fileEncoding = 4; lastKnownFileType = sourcecode.c.objc; path = StorifyService.m; sourceTree = "<group>"; };
		8C4795F613D28E7F00E72C6B /* ASIAuthenticationDialog.h */ = {isa = PBXFileReference; fileEncoding = 4; lastKnownFileType = sourcecode.c.h; name = ASIAuthenticationDialog.h; path = "vendor/asi-http-request/Classes/ASIAuthenticationDialog.h"; sourceTree = "<group>"; };
		8C4795F713D28E7F00E72C6B /* ASIAuthenticationDialog.m */ = {isa = PBXFileReference; fileEncoding = 4; lastKnownFileType = sourcecode.c.objc; name = ASIAuthenticationDialog.m; path = "vendor/asi-http-request/Classes/ASIAuthenticationDialog.m"; sourceTree = "<group>"; };
		8C4795F813D28E8000E72C6B /* ASICacheDelegate.h */ = {isa = PBXFileReference; fileEncoding = 4; lastKnownFileType = sourcecode.c.h; name = ASICacheDelegate.h; path = "vendor/asi-http-request/Classes/ASICacheDelegate.h"; sourceTree = "<group>"; };
		8C4795F913D28E8000E72C6B /* ASIDataCompressor.h */ = {isa = PBXFileReference; fileEncoding = 4; lastKnownFileType = sourcecode.c.h; name = ASIDataCompressor.h; path = "vendor/asi-http-request/Classes/ASIDataCompressor.h"; sourceTree = "<group>"; };
		8C4795FA13D28E8000E72C6B /* ASIDataCompressor.m */ = {isa = PBXFileReference; fileEncoding = 4; lastKnownFileType = sourcecode.c.objc; name = ASIDataCompressor.m; path = "vendor/asi-http-request/Classes/ASIDataCompressor.m"; sourceTree = "<group>"; };
		8C4795FB13D28E8000E72C6B /* ASIDataDecompressor.h */ = {isa = PBXFileReference; fileEncoding = 4; lastKnownFileType = sourcecode.c.h; name = ASIDataDecompressor.h; path = "vendor/asi-http-request/Classes/ASIDataDecompressor.h"; sourceTree = "<group>"; };
		8C4795FC13D28E8000E72C6B /* ASIDataDecompressor.m */ = {isa = PBXFileReference; fileEncoding = 4; lastKnownFileType = sourcecode.c.objc; name = ASIDataDecompressor.m; path = "vendor/asi-http-request/Classes/ASIDataDecompressor.m"; sourceTree = "<group>"; };
		8C4795FD13D28E8000E72C6B /* ASIDownloadCache.h */ = {isa = PBXFileReference; fileEncoding = 4; lastKnownFileType = sourcecode.c.h; name = ASIDownloadCache.h; path = "vendor/asi-http-request/Classes/ASIDownloadCache.h"; sourceTree = "<group>"; };
		8C4795FE13D28E8000E72C6B /* ASIDownloadCache.m */ = {isa = PBXFileReference; fileEncoding = 4; lastKnownFileType = sourcecode.c.objc; name = ASIDownloadCache.m; path = "vendor/asi-http-request/Classes/ASIDownloadCache.m"; sourceTree = "<group>"; };
		8C4795FF13D28E8000E72C6B /* ASIFormDataRequest.h */ = {isa = PBXFileReference; fileEncoding = 4; lastKnownFileType = sourcecode.c.h; name = ASIFormDataRequest.h; path = "vendor/asi-http-request/Classes/ASIFormDataRequest.h"; sourceTree = "<group>"; };
		8C47960013D28E8000E72C6B /* ASIFormDataRequest.m */ = {isa = PBXFileReference; fileEncoding = 4; lastKnownFileType = sourcecode.c.objc; name = ASIFormDataRequest.m; path = "vendor/asi-http-request/Classes/ASIFormDataRequest.m"; sourceTree = "<group>"; };
		8C47960113D28E8000E72C6B /* ASIHTTPRequest.h */ = {isa = PBXFileReference; fileEncoding = 4; lastKnownFileType = sourcecode.c.h; name = ASIHTTPRequest.h; path = "vendor/asi-http-request/Classes/ASIHTTPRequest.h"; sourceTree = "<group>"; };
		8C47960213D28E8000E72C6B /* ASIHTTPRequest.m */ = {isa = PBXFileReference; fileEncoding = 4; lastKnownFileType = sourcecode.c.objc; name = ASIHTTPRequest.m; path = "vendor/asi-http-request/Classes/ASIHTTPRequest.m"; sourceTree = "<group>"; };
		8C47960313D28E8000E72C6B /* ASIHTTPRequestConfig.h */ = {isa = PBXFileReference; fileEncoding = 4; lastKnownFileType = sourcecode.c.h; name = ASIHTTPRequestConfig.h; path = "vendor/asi-http-request/Classes/ASIHTTPRequestConfig.h"; sourceTree = "<group>"; };
		8C47960413D28E8000E72C6B /* ASIHTTPRequestDelegate.h */ = {isa = PBXFileReference; fileEncoding = 4; lastKnownFileType = sourcecode.c.h; name = ASIHTTPRequestDelegate.h; path = "vendor/asi-http-request/Classes/ASIHTTPRequestDelegate.h"; sourceTree = "<group>"; };
		8C47960513D28E8000E72C6B /* ASIInputStream.h */ = {isa = PBXFileReference; fileEncoding = 4; lastKnownFileType = sourcecode.c.h; name = ASIInputStream.h; path = "vendor/asi-http-request/Classes/ASIInputStream.h"; sourceTree = "<group>"; };
		8C47960613D28E8000E72C6B /* ASIInputStream.m */ = {isa = PBXFileReference; fileEncoding = 4; lastKnownFileType = sourcecode.c.objc; name = ASIInputStream.m; path = "vendor/asi-http-request/Classes/ASIInputStream.m"; sourceTree = "<group>"; };
		8C47960713D28E8000E72C6B /* ASINetworkQueue.h */ = {isa = PBXFileReference; fileEncoding = 4; lastKnownFileType = sourcecode.c.h; name = ASINetworkQueue.h; path = "vendor/asi-http-request/Classes/ASINetworkQueue.h"; sourceTree = "<group>"; };
		8C47960813D28E8000E72C6B /* ASINetworkQueue.m */ = {isa = PBXFileReference; fileEncoding = 4; lastKnownFileType = sourcecode.c.objc; name = ASINetworkQueue.m; path = "vendor/asi-http-request/Classes/ASINetworkQueue.m"; sourceTree = "<group>"; };
		8C47960913D28E8000E72C6B /* ASIProgressDelegate.h */ = {isa = PBXFileReference; fileEncoding = 4; lastKnownFileType = sourcecode.c.h; name = ASIProgressDelegate.h; path = "vendor/asi-http-request/Classes/ASIProgressDelegate.h"; sourceTree = "<group>"; };
		8C47961313D28EA300E72C6B /* Reachability.h */ = {isa = PBXFileReference; fileEncoding = 4; lastKnownFileType = sourcecode.c.h; name = Reachability.h; path = "vendor/asi-http-request/External/Reachability/Reachability.h"; sourceTree = "<group>"; };
		8C47961413D28EA300E72C6B /* Reachability.m */ = {isa = PBXFileReference; fileEncoding = 4; lastKnownFileType = sourcecode.c.objc; name = Reachability.m; path = "vendor/asi-http-request/External/Reachability/Reachability.m"; sourceTree = "<group>"; };
		8C47961713D28EEC00E72C6B /* CFNetwork.framework */ = {isa = PBXFileReference; lastKnownFileType = wrapper.framework; name = CFNetwork.framework; path = System/Library/Frameworks/CFNetwork.framework; sourceTree = SDKROOT; };
		8C47961813D28EEC00E72C6B /* CoreGraphics.framework */ = {isa = PBXFileReference; lastKnownFileType = wrapper.framework; name = CoreGraphics.framework; path = System/Library/Frameworks/CoreGraphics.framework; sourceTree = SDKROOT; };
		8C47961913D28EEC00E72C6B /* libz.1.2.3.dylib */ = {isa = PBXFileReference; lastKnownFileType = "compiled.mach-o.dylib"; name = libz.1.2.3.dylib; path = usr/lib/libz.1.2.3.dylib; sourceTree = SDKROOT; };
		8C47961A13D28EEC00E72C6B /* MobileCoreServices.framework */ = {isa = PBXFileReference; lastKnownFileType = wrapper.framework; name = MobileCoreServices.framework; path = System/Library/Frameworks/MobileCoreServices.framework; sourceTree = SDKROOT; };
		8C47961B13D28EEC00E72C6B /* SystemConfiguration.framework */ = {isa = PBXFileReference; lastKnownFileType = wrapper.framework; name = SystemConfiguration.framework; path = System/Library/Frameworks/SystemConfiguration.framework; sourceTree = SDKROOT; };
		8C47962013D28F3700E72C6B /* JSONKit.h */ = {isa = PBXFileReference; fileEncoding = 4; lastKnownFileType = sourcecode.c.h; name = JSONKit.h; path = vendor/JSONKit/JSONKit.h; sourceTree = "<group>"; };
		8C47962113D28F3700E72C6B /* JSONKit.m */ = {isa = PBXFileReference; fileEncoding = 4; lastKnownFileType = sourcecode.c.objc; name = JSONKit.m; path = vendor/JSONKit/JSONKit.m; sourceTree = "<group>"; };
		8C47962813D2901000E72C6B /* StorifyServiceTest.m */ = {isa = PBXFileReference; fileEncoding = 4; lastKnownFileType = sourcecode.c.objc; path = StorifyServiceTest.m; sourceTree = "<group>"; };
		8C47964313D29AC800E72C6B /* BlocksKit.xcodeproj */ = {isa = PBXFileReference; lastKnownFileType = "wrapper.pb-project"; name = BlocksKit.xcodeproj; path = vendor/BlocksKit/BlocksKit.xcodeproj; sourceTree = "<group>"; };
		8C47965813D29B0800E72C6B /* libBlocksKit.a */ = {isa = PBXFileReference; explicitFileType = archive.ar; path = libBlocksKit.a; sourceTree = SOURCE_ROOT; };
		8C47965A13D29DE400E72C6B /* StorifyStoryTest.m */ = {isa = PBXFileReference; fileEncoding = 4; lastKnownFileType = sourcecode.c.objc; path = StorifyStoryTest.m; sourceTree = "<group>"; };
		8C47965C13D2A95800E72C6B /* StorifyUserTest.m */ = {isa = PBXFileReference; fileEncoding = 4; lastKnownFileType = sourcecode.c.objc; path = StorifyUserTest.m; sourceTree = "<group>"; };
		8C47965E13D2AD7400E72C6B /* StoriesListViewController.h */ = {isa = PBXFileReference; fileEncoding = 4; lastKnownFileType = sourcecode.c.h; path = StoriesListViewController.h; sourceTree = "<group>"; };
		8C47965F13D2AD7400E72C6B /* StoriesListViewController.m */ = {isa = PBXFileReference; fileEncoding = 4; lastKnownFileType = sourcecode.c.objc; path = StoriesListViewController.m; sourceTree = "<group>"; };
		8C47966013D2AD7400E72C6B /* StoriesListViewController.xib */ = {isa = PBXFileReference; fileEncoding = 4; lastKnownFileType = file.xib; path = StoriesListViewController.xib; sourceTree = "<group>"; };
		8C47966313D2AD9D00E72C6B /* StoryViewController.h */ = {isa = PBXFileReference; fileEncoding = 4; lastKnownFileType = sourcecode.c.h; path = StoryViewController.h; sourceTree = "<group>"; };
		8C47966413D2AD9D00E72C6B /* StoryViewController.m */ = {isa = PBXFileReference; fileEncoding = 4; lastKnownFileType = sourcecode.c.objc; path = StoryViewController.m; sourceTree = "<group>"; };
		8C47966513D2AD9D00E72C6B /* StoryViewController.xib */ = {isa = PBXFileReference; fileEncoding = 4; lastKnownFileType = file.xib; path = StoryViewController.xib; sourceTree = "<group>"; };
		8C47966813D2BECB00E72C6B /* StoryElementTableCell.h */ = {isa = PBXFileReference; fileEncoding = 4; lastKnownFileType = sourcecode.c.h; path = StoryElementTableCell.h; sourceTree = "<group>"; };
		8C47966913D2BECB00E72C6B /* StoryElementTableCell.m */ = {isa = PBXFileReference; fileEncoding = 4; lastKnownFileType = sourcecode.c.objc; path = StoryElementTableCell.m; sourceTree = "<group>"; };
		8C47966B13D2BEDC00E72C6B /* StoryHeaderView.h */ = {isa = PBXFileReference; fileEncoding = 4; lastKnownFileType = sourcecode.c.h; path = StoryHeaderView.h; sourceTree = "<group>"; };
		8C47966C13D2BEDC00E72C6B /* StoryHeaderView.m */ = {isa = PBXFileReference; fileEncoding = 4; lastKnownFileType = sourcecode.c.objc; path = StoryHeaderView.m; sourceTree = "<group>"; };
		8C47966E13D2C62700E72C6B /* StorifyElementTest.m */ = {isa = PBXFileReference; fileEncoding = 4; lastKnownFileType = sourcecode.c.objc; path = StorifyElementTest.m; sourceTree = "<group>"; };
		8C47967013D2CB6A00E72C6B /* StoryElementCell.xib */ = {isa = PBXFileReference; fileEncoding = 4; lastKnownFileType = file.xib; path = StoryElementCell.xib; sourceTree = "<group>"; };
/* End PBXFileReference section */

/* Begin PBXFrameworksBuildPhase section */
		8C47959F13D284AB00E72C6B /* Frameworks */ = {
			isa = PBXFrameworksBuildPhase;
			buildActionMask = 2147483647;
			files = (
				8C47965913D29B0800E72C6B /* libBlocksKit.a in Frameworks */,
				8C47961C13D28EEC00E72C6B /* CFNetwork.framework in Frameworks */,
				8C4795AB13D284AB00E72C6B /* CoreGraphics.framework in Frameworks */,
				8C47961D13D28EEC00E72C6B /* libz.1.2.3.dylib in Frameworks */,
				8C47961E13D28EEC00E72C6B /* MobileCoreServices.framework in Frameworks */,
				8C47961F13D28EEC00E72C6B /* SystemConfiguration.framework in Frameworks */,
				8C4795A713D284AB00E72C6B /* UIKit.framework in Frameworks */,
				8C4795A913D284AB00E72C6B /* Foundation.framework in Frameworks */,
			);
			runOnlyForDeploymentPostprocessing = 0;
		};
		8C4795C513D284AB00E72C6B /* Frameworks */ = {
			isa = PBXFrameworksBuildPhase;
			buildActionMask = 2147483647;
			files = (
				8C4795CA13D284AB00E72C6B /* UIKit.framework in Frameworks */,
				8C4795CB13D284AB00E72C6B /* Foundation.framework in Frameworks */,
				8C4795CC13D284AB00E72C6B /* CoreGraphics.framework in Frameworks */,
			);
			runOnlyForDeploymentPostprocessing = 0;
		};
/* End PBXFrameworksBuildPhase section */

/* Begin PBXGroup section */
		8C47959713D284AB00E72C6B = {
			isa = PBXGroup;
			children = (
				8C4795AC13D284AB00E72C6B /* storied */,
				8C4795CF13D284AB00E72C6B /* storiedTests */,
				8C4795F513D28E0C00E72C6B /* vendor */,
				8C4795A513D284AB00E72C6B /* Frameworks */,
				8C4795A313D284AB00E72C6B /* Products */,
			);
			sourceTree = "<group>";
		};
		8C4795A313D284AB00E72C6B /* Products */ = {
			isa = PBXGroup;
			children = (
				8C4795A213D284AB00E72C6B /* storied.app */,
				8C4795C913D284AB00E72C6B /* storiedTests.octest */,
			);
			name = Products;
			sourceTree = "<group>";
		};
		8C4795A513D284AB00E72C6B /* Frameworks */ = {
			isa = PBXGroup;
			children = (
				8C47965813D29B0800E72C6B /* libBlocksKit.a */,
				8C47961713D28EEC00E72C6B /* CFNetwork.framework */,
				8C47961813D28EEC00E72C6B /* CoreGraphics.framework */,
				8C47961913D28EEC00E72C6B /* libz.1.2.3.dylib */,
				8C47961A13D28EEC00E72C6B /* MobileCoreServices.framework */,
				8C47961B13D28EEC00E72C6B /* SystemConfiguration.framework */,
				8C4795A613D284AB00E72C6B /* UIKit.framework */,
				8C4795A813D284AB00E72C6B /* Foundation.framework */,
				8C4795AA13D284AB00E72C6B /* CoreGraphics.framework */,
			);
			name = Frameworks;
			sourceTree = "<group>";
		};
		8C4795AC13D284AB00E72C6B /* storied */ = {
			isa = PBXGroup;
			children = (
				8C4795E213D284F500E72C6B /* controllers */,
				8C4795E313D2850100E72C6B /* models */,
				8C4795F413D28C3B00E72C6B /* services */,
				8C4795E413D2850900E72C6B /* views */,
				8C4795B513D284AB00E72C6B /* storiedAppDelegate.h */,
				8C4795B613D284AB00E72C6B /* storiedAppDelegate.m */,
				8C4795B813D284AB00E72C6B /* MainWindow.xib */,
				8C4795AD13D284AB00E72C6B /* Supporting Files */,
			);
			path = storied;
			sourceTree = "<group>";
		};
		8C4795AD13D284AB00E72C6B /* Supporting Files */ = {
			isa = PBXGroup;
			children = (
				8C4795AE13D284AB00E72C6B /* storied-Info.plist */,
				8C4795AF13D284AB00E72C6B /* InfoPlist.strings */,
				8C4795B213D284AB00E72C6B /* storied-Prefix.pch */,
				8C4795B313D284AB00E72C6B /* main.m */,
			);
			name = "Supporting Files";
			sourceTree = "<group>";
		};
		8C4795CF13D284AB00E72C6B /* storiedTests */ = {
			isa = PBXGroup;
			children = (
				8C47962413D28FD900E72C6B /* controllers */,
				8C47962513D28FE100E72C6B /* models */,
				8C47962613D28FE500E72C6B /* services */,
				8C47962713D28FEA00E72C6B /* views */,
				8C4795D613D284AB00E72C6B /* storiedTests.h */,
				8C4795D813D284AB00E72C6B /* storiedTests.m */,
				8C4795D013D284AB00E72C6B /* Supporting Files */,
			);
			path = storiedTests;
			sourceTree = "<group>";
		};
		8C4795D013D284AB00E72C6B /* Supporting Files */ = {
			isa = PBXGroup;
			children = (
				8C4795D113D284AB00E72C6B /* storiedTests-Info.plist */,
				8C4795D213D284AB00E72C6B /* InfoPlist.strings */,
				8C4795D513D284AB00E72C6B /* storiedTests-Prefix.pch */,
			);
			name = "Supporting Files";
			sourceTree = "<group>";
		};
		8C4795E213D284F500E72C6B /* controllers */ = {
			isa = PBXGroup;
			children = (
				8C47965E13D2AD7400E72C6B /* StoriesListViewController.h */,
				8C47965F13D2AD7400E72C6B /* StoriesListViewController.m */,
				8C47966013D2AD7400E72C6B /* StoriesListViewController.xib */,
				8C47966313D2AD9D00E72C6B /* StoryViewController.h */,
				8C47966413D2AD9D00E72C6B /* StoryViewController.m */,
				8C47966513D2AD9D00E72C6B /* StoryViewController.xib */,
			);
			name = controllers;
			sourceTree = "<group>";
		};
		8C4795E313D2850100E72C6B /* models */ = {
			isa = PBXGroup;
			children = (
				8C4795E813D2857600E72C6B /* StorifyUser.h */,
				8C4795E913D2857600E72C6B /* StorifyUser.m */,
				8C4795EB13D2858400E72C6B /* StorifyStory.h */,
				8C4795EC13D2858400E72C6B /* StorifyStory.m */,
				8C4795EE13D2859900E72C6B /* StorifyElement.h */,
				8C4795EF13D2859900E72C6B /* StorifyElement.m */,
			);
			name = models;
			sourceTree = "<group>";
		};
		8C4795E413D2850900E72C6B /* views */ = {
			isa = PBXGroup;
			children = (
				8C47966813D2BECB00E72C6B /* StoryElementTableCell.h */,
				8C47966913D2BECB00E72C6B /* StoryElementTableCell.m */,
				8C47966B13D2BEDC00E72C6B /* StoryHeaderView.h */,
				8C47966C13D2BEDC00E72C6B /* StoryHeaderView.m */,
				8C47967013D2CB6A00E72C6B /* StoryElementCell.xib */,
			);
			name = views;
			sourceTree = "<group>";
		};
		8C4795F413D28C3B00E72C6B /* services */ = {
			isa = PBXGroup;
			children = (
				8C4795F113D28C3000E72C6B /* StorifyService.h */,
				8C4795F213D28C3000E72C6B /* StorifyService.m */,
			);
			name = services;
			sourceTree = "<group>";
		};
		8C4795F513D28E0C00E72C6B /* vendor */ = {
			isa = PBXGroup;
			children = (
				8C47964213D29AB800E72C6B /* BlocksKit */,
				8C47962313D28F3E00E72C6B /* JSONKit */,
				8C47961213D28E8500E72C6B /* asi-http-request */,
			);
			name = vendor;
			sourceTree = "<group>";
		};
		8C47961213D28E8500E72C6B /* asi-http-request */ = {
			isa = PBXGroup;
			children = (
				8C47961613D28EAD00E72C6B /* External */,
				8C4795F613D28E7F00E72C6B /* ASIAuthenticationDialog.h */,
				8C4795F713D28E7F00E72C6B /* ASIAuthenticationDialog.m */,
				8C4795F813D28E8000E72C6B /* ASICacheDelegate.h */,
				8C4795F913D28E8000E72C6B /* ASIDataCompressor.h */,
				8C4795FA13D28E8000E72C6B /* ASIDataCompressor.m */,
				8C4795FB13D28E8000E72C6B /* ASIDataDecompressor.h */,
				8C4795FC13D28E8000E72C6B /* ASIDataDecompressor.m */,
				8C4795FD13D28E8000E72C6B /* ASIDownloadCache.h */,
				8C4795FE13D28E8000E72C6B /* ASIDownloadCache.m */,
				8C4795FF13D28E8000E72C6B /* ASIFormDataRequest.h */,
				8C47960013D28E8000E72C6B /* ASIFormDataRequest.m */,
				8C47960113D28E8000E72C6B /* ASIHTTPRequest.h */,
				8C47960213D28E8000E72C6B /* ASIHTTPRequest.m */,
				8C47960313D28E8000E72C6B /* ASIHTTPRequestConfig.h */,
				8C47960413D28E8000E72C6B /* ASIHTTPRequestDelegate.h */,
				8C47960513D28E8000E72C6B /* ASIInputStream.h */,
				8C47960613D28E8000E72C6B /* ASIInputStream.m */,
				8C47960713D28E8000E72C6B /* ASINetworkQueue.h */,
				8C47960813D28E8000E72C6B /* ASINetworkQueue.m */,
				8C47960913D28E8000E72C6B /* ASIProgressDelegate.h */,
			);
			name = "asi-http-request";
			sourceTree = "<group>";
		};
		8C47961613D28EAD00E72C6B /* External */ = {
			isa = PBXGroup;
			children = (
				8C47961313D28EA300E72C6B /* Reachability.h */,
				8C47961413D28EA300E72C6B /* Reachability.m */,
			);
			name = External;
			sourceTree = "<group>";
		};
		8C47962313D28F3E00E72C6B /* JSONKit */ = {
			isa = PBXGroup;
			children = (
				8C47962013D28F3700E72C6B /* JSONKit.h */,
				8C47962113D28F3700E72C6B /* JSONKit.m */,
			);
			name = JSONKit;
			sourceTree = "<group>";
		};
		8C47962413D28FD900E72C6B /* controllers */ = {
			isa = PBXGroup;
			children = (
			);
			name = controllers;
			sourceTree = "<group>";
		};
		8C47962513D28FE100E72C6B /* models */ = {
			isa = PBXGroup;
			children = (
				8C47965A13D29DE400E72C6B /* StorifyStoryTest.m */,
				8C47965C13D2A95800E72C6B /* StorifyUserTest.m */,
				8C47966E13D2C62700E72C6B /* StorifyElementTest.m */,
			);
			name = models;
			sourceTree = "<group>";
		};
		8C47962613D28FE500E72C6B /* services */ = {
			isa = PBXGroup;
			children = (
				8C47962813D2901000E72C6B /* StorifyServiceTest.m */,
			);
			name = services;
			sourceTree = "<group>";
		};
		8C47962713D28FEA00E72C6B /* views */ = {
			isa = PBXGroup;
			children = (
			);
			name = views;
			sourceTree = "<group>";
		};
		8C47964213D29AB800E72C6B /* BlocksKit */ = {
			isa = PBXGroup;
			children = (
				8C47964313D29AC800E72C6B /* BlocksKit.xcodeproj */,
			);
			name = BlocksKit;
			sourceTree = "<group>";
		};
		8C47964413D29AC800E72C6B /* Products */ = {
			isa = PBXGroup;
			children = (
				8C47964F13D29AC900E72C6B /* libBlocksKit.a */,
				8C47965113D29AC900E72C6B /* BlocksKit.dylib */,
				8C47965313D29AC900E72C6B /* BlocksKit_Chameleon.dylib */,
				8C47965513D29AC900E72C6B /* Tests.app */,
			);
			name = Products;
			sourceTree = "<group>";
		};
/* End PBXGroup section */

/* Begin PBXNativeTarget section */
		8C4795A113D284AB00E72C6B /* storied */ = {
			isa = PBXNativeTarget;
			buildConfigurationList = 8C4795DC13D284AB00E72C6B /* Build configuration list for PBXNativeTarget "storied" */;
			buildPhases = (
				8C47959E13D284AB00E72C6B /* Sources */,
				8C47959F13D284AB00E72C6B /* Frameworks */,
				8C4795A013D284AB00E72C6B /* Resources */,
			);
			buildRules = (
			);
			dependencies = (
				8C47965713D29B0100E72C6B /* PBXTargetDependency */,
			);
			name = storied;
			productName = storied;
			productReference = 8C4795A213D284AB00E72C6B /* storied.app */;
			productType = "com.apple.product-type.application";
		};
		8C4795C813D284AB00E72C6B /* storiedTests */ = {
			isa = PBXNativeTarget;
			buildConfigurationList = 8C4795DF13D284AB00E72C6B /* Build configuration list for PBXNativeTarget "storiedTests" */;
			buildPhases = (
				8C4795C413D284AB00E72C6B /* Sources */,
				8C4795C513D284AB00E72C6B /* Frameworks */,
				8C4795C613D284AB00E72C6B /* Resources */,
				8C4795C713D284AB00E72C6B /* ShellScript */,
			);
			buildRules = (
			);
			dependencies = (
				8C4795CE13D284AB00E72C6B /* PBXTargetDependency */,
			);
			name = storiedTests;
			productName = storiedTests;
			productReference = 8C4795C913D284AB00E72C6B /* storiedTests.octest */;
			productType = "com.apple.product-type.bundle";
		};
/* End PBXNativeTarget section */

/* Begin PBXProject section */
		8C47959913D284AB00E72C6B /* Project object */ = {
			isa = PBXProject;
			attributes = {
				ORGANIZATIONNAME = "Carbon Five";
			};
			buildConfigurationList = 8C47959C13D284AB00E72C6B /* Build configuration list for PBXProject "storied" */;
			compatibilityVersion = "Xcode 3.2";
			developmentRegion = English;
			hasScannedForEncodings = 0;
			knownRegions = (
				en,
			);
			mainGroup = 8C47959713D284AB00E72C6B;
			productRefGroup = 8C4795A313D284AB00E72C6B /* Products */;
			projectDirPath = "";
			projectReferences = (
				{
					ProductGroup = 8C47964413D29AC800E72C6B /* Products */;
					ProjectRef = 8C47964313D29AC800E72C6B /* BlocksKit.xcodeproj */;
				},
			);
			projectRoot = "";
			targets = (
				8C4795A113D284AB00E72C6B /* storied */,
				8C4795C813D284AB00E72C6B /* storiedTests */,
			);
		};
/* End PBXProject section */

/* Begin PBXReferenceProxy section */
		8C47964F13D29AC900E72C6B /* libBlocksKit.a */ = {
			isa = PBXReferenceProxy;
			fileType = archive.ar;
			path = libBlocksKit.a;
			remoteRef = 8C47964E13D29AC900E72C6B /* PBXContainerItemProxy */;
			sourceTree = BUILT_PRODUCTS_DIR;
		};
		8C47965113D29AC900E72C6B /* BlocksKit.dylib */ = {
			isa = PBXReferenceProxy;
			fileType = "compiled.mach-o.dylib";
			path = BlocksKit.dylib;
			remoteRef = 8C47965013D29AC900E72C6B /* PBXContainerItemProxy */;
			sourceTree = BUILT_PRODUCTS_DIR;
		};
		8C47965313D29AC900E72C6B /* BlocksKit_Chameleon.dylib */ = {
			isa = PBXReferenceProxy;
			fileType = "compiled.mach-o.dylib";
			path = BlocksKit_Chameleon.dylib;
			remoteRef = 8C47965213D29AC900E72C6B /* PBXContainerItemProxy */;
			sourceTree = BUILT_PRODUCTS_DIR;
		};
		8C47965513D29AC900E72C6B /* Tests.app */ = {
			isa = PBXReferenceProxy;
			fileType = wrapper.application;
			path = Tests.app;
			remoteRef = 8C47965413D29AC900E72C6B /* PBXContainerItemProxy */;
			sourceTree = BUILT_PRODUCTS_DIR;
		};
/* End PBXReferenceProxy section */

/* Begin PBXResourcesBuildPhase section */
		8C4795A013D284AB00E72C6B /* Resources */ = {
			isa = PBXResourcesBuildPhase;
			buildActionMask = 2147483647;
			files = (
				8C4795B113D284AB00E72C6B /* InfoPlist.strings in Resources */,
				8C4795BA13D284AB00E72C6B /* MainWindow.xib in Resources */,
				8C47966213D2AD7400E72C6B /* StoriesListViewController.xib in Resources */,
				8C47966713D2AD9D00E72C6B /* StoryViewController.xib in Resources */,
				8C47967113D2CB6A00E72C6B /* StoryElementCell.xib in Resources */,
			);
			runOnlyForDeploymentPostprocessing = 0;
		};
		8C4795C613D284AB00E72C6B /* Resources */ = {
			isa = PBXResourcesBuildPhase;
			buildActionMask = 2147483647;
			files = (
				8C4795D413D284AB00E72C6B /* InfoPlist.strings in Resources */,
				8C4795D713D284AB00E72C6B /* storiedTests.h in Resources */,
			);
			runOnlyForDeploymentPostprocessing = 0;
		};
/* End PBXResourcesBuildPhase section */

/* Begin PBXShellScriptBuildPhase section */
		8C4795C713D284AB00E72C6B /* ShellScript */ = {
			isa = PBXShellScriptBuildPhase;
			buildActionMask = 2147483647;
			files = (
			);
			inputPaths = (
			);
			outputPaths = (
			);
			runOnlyForDeploymentPostprocessing = 0;
			shellPath = /bin/sh;
			shellScript = "# Run the unit tests in this test bundle.\n\"${SYSTEM_DEVELOPER_DIR}/Tools/RunUnitTests\"\n";
		};
/* End PBXShellScriptBuildPhase section */

/* Begin PBXSourcesBuildPhase section */
		8C47959E13D284AB00E72C6B /* Sources */ = {
			isa = PBXSourcesBuildPhase;
			buildActionMask = 2147483647;
			files = (
				8C4795B413D284AB00E72C6B /* main.m in Sources */,
				8C4795B713D284AB00E72C6B /* storiedAppDelegate.m in Sources */,
				8C4795EA13D2857600E72C6B /* StorifyUser.m in Sources */,
				8C4795ED13D2858400E72C6B /* StorifyStory.m in Sources */,
				8C4795F013D2859900E72C6B /* StorifyElement.m in Sources */,
				8C4795F313D28C3000E72C6B /* StorifyService.m in Sources */,
				8C47960A13D28E8000E72C6B /* ASIAuthenticationDialog.m in Sources */,
				8C47960B13D28E8000E72C6B /* ASIDataCompressor.m in Sources */,
				8C47960C13D28E8000E72C6B /* ASIDataDecompressor.m in Sources */,
				8C47960D13D28E8000E72C6B /* ASIDownloadCache.m in Sources */,
				8C47960E13D28E8000E72C6B /* ASIFormDataRequest.m in Sources */,
				8C47960F13D28E8000E72C6B /* ASIHTTPRequest.m in Sources */,
				8C47961013D28E8000E72C6B /* ASIInputStream.m in Sources */,
				8C47961113D28E8000E72C6B /* ASINetworkQueue.m in Sources */,
				8C47961513D28EA300E72C6B /* Reachability.m in Sources */,
				8C47962213D28F3700E72C6B /* JSONKit.m in Sources */,
				8C47966113D2AD7400E72C6B /* StoriesListViewController.m in Sources */,
				8C47966613D2AD9D00E72C6B /* StoryViewController.m in Sources */,
				8C47966A13D2BECB00E72C6B /* StoryElementTableCell.m in Sources */,
				8C47966D13D2BEDC00E72C6B /* StoryHeaderView.m in Sources */,
			);
			runOnlyForDeploymentPostprocessing = 0;
		};
		8C4795C413D284AB00E72C6B /* Sources */ = {
			isa = PBXSourcesBuildPhase;
			buildActionMask = 2147483647;
			files = (
				8C4795D913D284AB00E72C6B /* storiedTests.m in Sources */,
				8C47962913D2901000E72C6B /* StorifyServiceTest.m in Sources */,
				8C47965B13D29DE400E72C6B /* StorifyStoryTest.m in Sources */,
				8C47965D13D2A95800E72C6B /* StorifyUserTest.m in Sources */,
				8C47966F13D2C62700E72C6B /* StorifyElementTest.m in Sources */,
			);
			runOnlyForDeploymentPostprocessing = 0;
		};
/* End PBXSourcesBuildPhase section */

/* Begin PBXTargetDependency section */
		8C4795CE13D284AB00E72C6B /* PBXTargetDependency */ = {
			isa = PBXTargetDependency;
			target = 8C4795A113D284AB00E72C6B /* storied */;
			targetProxy = 8C4795CD13D284AB00E72C6B /* PBXContainerItemProxy */;
		};
		8C47965713D29B0100E72C6B /* PBXTargetDependency */ = {
			isa = PBXTargetDependency;
			name = BlocksKit;
			targetProxy = 8C47965613D29B0100E72C6B /* PBXContainerItemProxy */;
		};
/* End PBXTargetDependency section */

/* Begin PBXVariantGroup section */
		8C4795AF13D284AB00E72C6B /* InfoPlist.strings */ = {
			isa = PBXVariantGroup;
			children = (
				8C4795B013D284AB00E72C6B /* en */,
			);
			name = InfoPlist.strings;
			sourceTree = "<group>";
		};
		8C4795B813D284AB00E72C6B /* MainWindow.xib */ = {
			isa = PBXVariantGroup;
			children = (
				8C4795B913D284AB00E72C6B /* en */,
			);
			name = MainWindow.xib;
			sourceTree = "<group>";
		};
		8C4795D213D284AB00E72C6B /* InfoPlist.strings */ = {
			isa = PBXVariantGroup;
			children = (
				8C4795D313D284AB00E72C6B /* en */,
			);
			name = InfoPlist.strings;
			sourceTree = "<group>";
		};
/* End PBXVariantGroup section */

/* Begin XCBuildConfiguration section */
		8C4795DA13D284AB00E72C6B /* Debug */ = {
			isa = XCBuildConfiguration;
			buildSettings = {
				ARCHS = "$(ARCHS_UNIVERSAL_IPHONE_OS)";
				"CODE_SIGN_IDENTITY[sdk=iphoneos*]" = "iPhone Developer";
				GCC_C_LANGUAGE_STANDARD = gnu99;
				GCC_OPTIMIZATION_LEVEL = 0;
				GCC_PREPROCESSOR_DEFINITIONS = DEBUG;
				GCC_SYMBOLS_PRIVATE_EXTERN = NO;
				GCC_VERSION = com.apple.compilers.llvmgcc42;
				GCC_WARN_ABOUT_RETURN_TYPE = YES;
				GCC_WARN_UNUSED_VARIABLE = YES;
				IPHONEOS_DEPLOYMENT_TARGET = 4.3;
				SDKROOT = iphoneos;
				TARGETED_DEVICE_FAMILY = 2;
			};
			name = Debug;
		};
		8C4795DB13D284AB00E72C6B /* Release */ = {
			isa = XCBuildConfiguration;
			buildSettings = {
				ARCHS = "$(ARCHS_UNIVERSAL_IPHONE_OS)";
				"CODE_SIGN_IDENTITY[sdk=iphoneos*]" = "iPhone Developer";
				GCC_C_LANGUAGE_STANDARD = gnu99;
				GCC_VERSION = com.apple.compilers.llvmgcc42;
				GCC_WARN_ABOUT_RETURN_TYPE = YES;
				GCC_WARN_UNUSED_VARIABLE = YES;
				IPHONEOS_DEPLOYMENT_TARGET = 4.3;
				OTHER_CFLAGS = "-DNS_BLOCK_ASSERTIONS=1";
				SDKROOT = iphoneos;
				TARGETED_DEVICE_FAMILY = 2;
			};
			name = Release;
		};
		8C4795DD13D284AB00E72C6B /* Debug */ = {
			isa = XCBuildConfiguration;
			buildSettings = {
				ALWAYS_SEARCH_USER_PATHS = NO;
				COPY_PHASE_STRIP = NO;
				GCC_DYNAMIC_NO_PIC = NO;
				GCC_PRECOMPILE_PREFIX_HEADER = YES;
				GCC_PREFIX_HEADER = "storied/storied-Prefix.pch";
				HEADER_SEARCH_PATHS = "$(BUILT_PRODUCTS_DIR)/**";
				INFOPLIST_FILE = "storied/storied-Info.plist";
				LIBRARY_SEARCH_PATHS = (
					"$(inherited)",
					"\"$(SRCROOT)\"",
				);
				OTHER_LDFLAGS = (
					"-ObjC",
					"-all_load",
				);
				PRODUCT_NAME = "$(TARGET_NAME)";
				WRAPPER_EXTENSION = app;
			};
			name = Debug;
		};
		8C4795DE13D284AB00E72C6B /* Release */ = {
			isa = XCBuildConfiguration;
			buildSettings = {
				ALWAYS_SEARCH_USER_PATHS = NO;
				COPY_PHASE_STRIP = YES;
				GCC_PRECOMPILE_PREFIX_HEADER = YES;
				GCC_PREFIX_HEADER = "storied/storied-Prefix.pch";
				HEADER_SEARCH_PATHS = "$(BUILT_PRODUCTS_DIR)/**";
				INFOPLIST_FILE = "storied/storied-Info.plist";
				LIBRARY_SEARCH_PATHS = (
					"$(inherited)",
					"\"$(SRCROOT)\"",
				);
				OTHER_LDFLAGS = (
					"-ObjC",
					"-all_load",
				);
				PRODUCT_NAME = "$(TARGET_NAME)";
				VALIDATE_PRODUCT = YES;
				WRAPPER_EXTENSION = app;
			};
			name = Release;
		};
		8C4795E013D284AB00E72C6B /* Debug */ = {
			isa = XCBuildConfiguration;
			buildSettings = {
				ALWAYS_SEARCH_USER_PATHS = NO;
				ARCHS = "$(ARCHS_STANDARD_32_BIT)";
				BUNDLE_LOADER = "$(BUILT_PRODUCTS_DIR)/storied.app/storied";
				FRAMEWORK_SEARCH_PATHS = (
					"$(SDKROOT)/Developer/Library/Frameworks",
					"$(DEVELOPER_LIBRARY_DIR)/Frameworks",
				);
				GCC_PRECOMPILE_PREFIX_HEADER = YES;
				GCC_PREFIX_HEADER = "storiedTests/storiedTests-Prefix.pch";
				INFOPLIST_FILE = "storiedTests/storiedTests-Info.plist";
				OTHER_LDFLAGS = (
					"-framework",
					SenTestingKit,
				);
				PRODUCT_NAME = "$(TARGET_NAME)";
				TEST_HOST = "$(BUNDLE_LOADER)";
				WRAPPER_EXTENSION = octest;
			};
			name = Debug;
		};
		8C4795E113D284AB00E72C6B /* Release */ = {
			isa = XCBuildConfiguration;
			buildSettings = {
				ALWAYS_SEARCH_USER_PATHS = NO;
				ARCHS = "$(ARCHS_STANDARD_32_BIT)";
				BUNDLE_LOADER = "$(BUILT_PRODUCTS_DIR)/storied.app/storied";
				FRAMEWORK_SEARCH_PATHS = (
					"$(SDKROOT)/Developer/Library/Frameworks",
					"$(DEVELOPER_LIBRARY_DIR)/Frameworks",
				);
				GCC_PRECOMPILE_PREFIX_HEADER = YES;
				GCC_PREFIX_HEADER = "storiedTests/storiedTests-Prefix.pch";
				INFOPLIST_FILE = "storiedTests/storiedTests-Info.plist";
				OTHER_LDFLAGS = (
					"-framework",
					SenTestingKit,
				);
				PRODUCT_NAME = "$(TARGET_NAME)";
				TEST_HOST = "$(BUNDLE_LOADER)";
				WRAPPER_EXTENSION = octest;
			};
			name = Release;
		};
/* End XCBuildConfiguration section */

/* Begin XCConfigurationList section */
		8C47959C13D284AB00E72C6B /* Build configuration list for PBXProject "storied" */ = {
			isa = XCConfigurationList;
			buildConfigurations = (
				8C4795DA13D284AB00E72C6B /* Debug */,
				8C4795DB13D284AB00E72C6B /* Release */,
			);
			defaultConfigurationIsVisible = 0;
			defaultConfigurationName = Release;
		};
		8C4795DC13D284AB00E72C6B /* Build configuration list for PBXNativeTarget "storied" */ = {
			isa = XCConfigurationList;
			buildConfigurations = (
				8C4795DD13D284AB00E72C6B /* Debug */,
				8C4795DE13D284AB00E72C6B /* Release */,
			);
			defaultConfigurationIsVisible = 0;
		};
		8C4795DF13D284AB00E72C6B /* Build configuration list for PBXNativeTarget "storiedTests" */ = {
			isa = XCConfigurationList;
			buildConfigurations = (
				8C4795E013D284AB00E72C6B /* Debug */,
				8C4795E113D284AB00E72C6B /* Release */,
			);
			defaultConfigurationIsVisible = 0;
		};
/* End XCConfigurationList section */
	};
	rootObject = 8C47959913D284AB00E72C6B /* Project object */;
}
